
Microsoft Visual Studio Solution File, Format Version 12.00
# Visual Studio Version 17
VisualStudioVersion = 17.9.34728.123
MinimumVisualStudioVersion = 10.0.40219.1
Project("{FAE04EC0-301F-11D3-BF4B-00C04F79EFBC}") = "CalculadoraEstatistica", "CalculadoraEstatistica\CalculadoraEstatistica.csproj", "{A48B45F1-CF12-4E63-8588-7BD6AFDB5F5C}"
EndProject
Global
	GlobalSection(SolutionConfigurationPlatforms) = preSolution
		Debug|Any CPU = Debug|Any CPU
		Release|Any CPU = Release|Any CPU
	EndGlobalSection
	GlobalSection(ProjectConfigurationPlatforms) = postSolution
		{A48B45F1-CF12-4E63-8588-7BD6AFDB5F5C}.Debug|Any CPU.ActiveCfg = Debug|Any CPU
		{A48B45F1-CF12-4E63-8588-7BD6AFDB5F5C}.Debug|Any CPU.Build.0 = Debug|Any CPU
		{A48B45F1-CF12-4E63-8588-7BD6AFDB5F5C}.Release|Any CPU.ActiveCfg = Release|Any CPU
		{A48B45F1-CF12-4E63-8588-7BD6AFDB5F5C}.Release|Any CPU.Build.0 = Release|Any CPU
	EndGlobalSection
	GlobalSection(SolutionProperties) = preSolution
		HideSolutionNode = FALSE
	EndGlobalSection
	GlobalSection(ExtensibilityGlobals) = postSolution
		SolutionGuid = {9D7A1D49-3F90-49DB-BE55-B9ABDFE5F1F0}
	EndGlobalSection
EndGlobal
